// !$*UTF8*$!
{
	archiveVersion = 1;
	classes = {
	};
	objectVersion = 46;
	objects = {

/* Begin PBXBuildFile section */
		AA569AB71C9042C40024A72F /* AnimationViewController.swift in Sources */ = {isa = PBXBuildFile; fileRef = AA569AB61C9042C40024A72F /* AnimationViewController.swift */; };
		AAA007A21CBE496B0023DD16 /* Task.swift in Sources */ = {isa = PBXBuildFile; fileRef = AAA007A11CBE496B0023DD16 /* Task.swift */; };
		AAA007A41CBE4A3D0023DD16 /* CustomCell.swift in Sources */ = {isa = PBXBuildFile; fileRef = AAA007A31CBE4A3D0023DD16 /* CustomCell.swift */; };
		AAA007A61CBE4C5F0023DD16 /* TaskViewController.swift in Sources */ = {isa = PBXBuildFile; fileRef = AAA007A51CBE4C5F0023DD16 /* TaskViewController.swift */; };
		AAD1E4071C74718A00C17CA0 /* AppDelegate.swift in Sources */ = {isa = PBXBuildFile; fileRef = AAD1E4061C74718A00C17CA0 /* AppDelegate.swift */; };
		AAD1E4091C74718A00C17CA0 /* ViewController.swift in Sources */ = {isa = PBXBuildFile; fileRef = AAD1E4081C74718A00C17CA0 /* ViewController.swift */; };
		AAD1E40C1C74718A00C17CA0 /* Main.storyboard in Resources */ = {isa = PBXBuildFile; fileRef = AAD1E40A1C74718A00C17CA0 /* Main.storyboard */; };
		AAD1E40E1C74718A00C17CA0 /* Assets.xcassets in Resources */ = {isa = PBXBuildFile; fileRef = AAD1E40D1C74718A00C17CA0 /* Assets.xcassets */; };
		AAD1E4111C74718A00C17CA0 /* LaunchScreen.storyboard in Resources */ = {isa = PBXBuildFile; fileRef = AAD1E40F1C74718A00C17CA0 /* LaunchScreen.storyboard */; };
		AAD1E41C1C74718A00C17CA0 /* CardViewTests.swift in Sources */ = {isa = PBXBuildFile; fileRef = AAD1E41B1C74718A00C17CA0 /* CardViewTests.swift */; };
		AAD1E4271C74718A00C17CA0 /* CardViewUITests.swift in Sources */ = {isa = PBXBuildFile; fileRef = AAD1E4261C74718A00C17CA0 /* CardViewUITests.swift */; };
		AAD1E43B1C7474F500C17CA0 /* DraggableCardView.swift in Sources */ = {isa = PBXBuildFile; fileRef = AAD1E43A1C7474F500C17CA0 /* DraggableCardView.swift */; };
		AAD1E43D1C74754200C17CA0 /* CardView.xib in Resources */ = {isa = PBXBuildFile; fileRef = AAD1E43C1C74754200C17CA0 /* CardView.xib */; };
		AAE1BD791C77249000172BB1 /* OverlayView.swift in Sources */ = {isa = PBXBuildFile; fileRef = AAE1BD781C77249000172BB1 /* OverlayView.swift */; };
/* End PBXBuildFile section */

/* Begin PBXContainerItemProxy section */
		AAD1E4181C74718A00C17CA0 /* PBXContainerItemProxy */ = {
			isa = PBXContainerItemProxy;
			containerPortal = AAD1E3FB1C74718A00C17CA0 /* Project object */;
			proxyType = 1;
			remoteGlobalIDString = AAD1E4021C74718A00C17CA0;
			remoteInfo = CardView;
		};
		AAD1E4231C74718A00C17CA0 /* PBXContainerItemProxy */ = {
			isa = PBXContainerItemProxy;
			containerPortal = AAD1E3FB1C74718A00C17CA0 /* Project object */;
			proxyType = 1;
			remoteGlobalIDString = AAD1E4021C74718A00C17CA0;
			remoteInfo = CardView;
		};
/* End PBXContainerItemProxy section */

/* Begin PBXFileReference section */
		AA569AB61C9042C40024A72F /* AnimationViewController.swift */ = {isa = PBXFileReference; fileEncoding = 4; lastKnownFileType = sourcecode.swift; lineEnding = 0; path = AnimationViewController.swift; sourceTree = "<group>"; xcLanguageSpecificationIdentifier = xcode.lang.swift; };
		AAA007A11CBE496B0023DD16 /* Task.swift */ = {isa = PBXFileReference; fileEncoding = 4; lastKnownFileType = sourcecode.swift; path = Task.swift; sourceTree = "<group>"; };
		AAA007A31CBE4A3D0023DD16 /* CustomCell.swift */ = {isa = PBXFileReference; fileEncoding = 4; lastKnownFileType = sourcecode.swift; path = CustomCell.swift; sourceTree = "<group>"; };
		AAA007A51CBE4C5F0023DD16 /* TaskViewController.swift */ = {isa = PBXFileReference; fileEncoding = 4; lastKnownFileType = sourcecode.swift; path = TaskViewController.swift; sourceTree = "<group>"; };
		AAD1E4031C74718A00C17CA0 /* CardView.app */ = {isa = PBXFileReference; explicitFileType = wrapper.application; includeInIndex = 0; path = CardView.app; sourceTree = BUILT_PRODUCTS_DIR; };
		AAD1E4061C74718A00C17CA0 /* AppDelegate.swift */ = {isa = PBXFileReference; lastKnownFileType = sourcecode.swift; path = AppDelegate.swift; sourceTree = "<group>"; };
		AAD1E4081C74718A00C17CA0 /* ViewController.swift */ = {isa = PBXFileReference; lastKnownFileType = sourcecode.swift; path = ViewController.swift; sourceTree = "<group>"; };
		AAD1E40B1C74718A00C17CA0 /* Base */ = {isa = PBXFileReference; lastKnownFileType = file.storyboard; name = Base; path = Base.lproj/Main.storyboard; sourceTree = "<group>"; };
		AAD1E40D1C74718A00C17CA0 /* Assets.xcassets */ = {isa = PBXFileReference; lastKnownFileType = folder.assetcatalog; path = Assets.xcassets; sourceTree = "<group>"; };
		AAD1E4101C74718A00C17CA0 /* Base */ = {isa = PBXFileReference; lastKnownFileType = file.storyboard; name = Base; path = Base.lproj/LaunchScreen.storyboard; sourceTree = "<group>"; };
		AAD1E4121C74718A00C17CA0 /* Info.plist */ = {isa = PBXFileReference; lastKnownFileType = text.plist.xml; path = Info.plist; sourceTree = "<group>"; };
		AAD1E4171C74718A00C17CA0 /* CardViewTests.xctest */ = {isa = PBXFileReference; explicitFileType = wrapper.cfbundle; includeInIndex = 0; path = CardViewTests.xctest; sourceTree = BUILT_PRODUCTS_DIR; };
		AAD1E41B1C74718A00C17CA0 /* CardViewTests.swift */ = {isa = PBXFileReference; lastKnownFileType = sourcecode.swift; path = CardViewTests.swift; sourceTree = "<group>"; };
		AAD1E41D1C74718A00C17CA0 /* Info.plist */ = {isa = PBXFileReference; lastKnownFileType = text.plist.xml; path = Info.plist; sourceTree = "<group>"; };
		AAD1E4221C74718A00C17CA0 /* CardViewUITests.xctest */ = {isa = PBXFileReference; explicitFileType = wrapper.cfbundle; includeInIndex = 0; path = CardViewUITests.xctest; sourceTree = BUILT_PRODUCTS_DIR; };
		AAD1E4261C74718A00C17CA0 /* CardViewUITests.swift */ = {isa = PBXFileReference; lastKnownFileType = sourcecode.swift; path = CardViewUITests.swift; sourceTree = "<group>"; };
		AAD1E4281C74718A00C17CA0 /* Info.plist */ = {isa = PBXFileReference; lastKnownFileType = text.plist.xml; path = Info.plist; sourceTree = "<group>"; };
		AAD1E43A1C7474F500C17CA0 /* DraggableCardView.swift */ = {isa = PBXFileReference; fileEncoding = 4; lastKnownFileType = sourcecode.swift; path = DraggableCardView.swift; sourceTree = "<group>"; };
		AAD1E43C1C74754200C17CA0 /* CardView.xib */ = {isa = PBXFileReference; fileEncoding = 4; lastKnownFileType = file.xib; path = CardView.xib; sourceTree = "<group>"; };
		AAE1BD781C77249000172BB1 /* OverlayView.swift */ = {isa = PBXFileReference; fileEncoding = 4; lastKnownFileType = sourcecode.swift; path = OverlayView.swift; sourceTree = "<group>"; };
/* End PBXFileReference section */

/* Begin PBXFrameworksBuildPhase section */
		AAD1E4001C74718A00C17CA0 /* Frameworks */ = {
			isa = PBXFrameworksBuildPhase;
			buildActionMask = 2147483647;
			files = (
			);
			runOnlyForDeploymentPostprocessing = 0;
		};
		AAD1E4141C74718A00C17CA0 /* Frameworks */ = {
			isa = PBXFrameworksBuildPhase;
			buildActionMask = 2147483647;
			files = (
			);
			runOnlyForDeploymentPostprocessing = 0;
		};
		AAD1E41F1C74718A00C17CA0 /* Frameworks */ = {
			isa = PBXFrameworksBuildPhase;
			buildActionMask = 2147483647;
			files = (
			);
			runOnlyForDeploymentPostprocessing = 0;
		};
/* End PBXFrameworksBuildPhase section */

/* Begin PBXGroup section */
		AAD1E3FA1C74718A00C17CA0 = {
			isa = PBXGroup;
			children = (
				AAD1E4051C74718A00C17CA0 /* CardView */,
				AAD1E41A1C74718A00C17CA0 /* CardViewTests */,
				AAD1E4251C74718A00C17CA0 /* CardViewUITests */,
				AAD1E4041C74718A00C17CA0 /* Products */,
			);
			sourceTree = "<group>";
		};
		AAD1E4041C74718A00C17CA0 /* Products */ = {
			isa = PBXGroup;
			children = (
				AAD1E4031C74718A00C17CA0 /* CardView.app */,
				AAD1E4171C74718A00C17CA0 /* CardViewTests.xctest */,
				AAD1E4221C74718A00C17CA0 /* CardViewUITests.xctest */,
			);
			name = Products;
			sourceTree = "<group>";
		};
		AAD1E4051C74718A00C17CA0 /* CardView */ = {
			isa = PBXGroup;
			children = (
				AAD1E4061C74718A00C17CA0 /* AppDelegate.swift */,
				AAD1E4081C74718A00C17CA0 /* ViewController.swift */,
				AAD1E40A1C74718A00C17CA0 /* Main.storyboard */,
				AAD1E40D1C74718A00C17CA0 /* Assets.xcassets */,
				AAD1E40F1C74718A00C17CA0 /* LaunchScreen.storyboard */,
				AAD1E4121C74718A00C17CA0 /* Info.plist */,
				AAD1E43A1C7474F500C17CA0 /* DraggableCardView.swift */,
				AAE1BD781C77249000172BB1 /* OverlayView.swift */,
				AAD1E43C1C74754200C17CA0 /* CardView.xib */,
				AA569AB61C9042C40024A72F /* AnimationViewController.swift */,
				AAA007A11CBE496B0023DD16 /* Task.swift */,
				AAA007A31CBE4A3D0023DD16 /* CustomCell.swift */,
				AAA007A51CBE4C5F0023DD16 /* TaskViewController.swift */,
			);
			path = CardView;
			sourceTree = "<group>";
		};
		AAD1E41A1C74718A00C17CA0 /* CardViewTests */ = {
			isa = PBXGroup;
			children = (
				AAD1E41B1C74718A00C17CA0 /* CardViewTests.swift */,
				AAD1E41D1C74718A00C17CA0 /* Info.plist */,
			);
			path = CardViewTests;
			sourceTree = "<group>";
		};
		AAD1E4251C74718A00C17CA0 /* CardViewUITests */ = {
			isa = PBXGroup;
			children = (
				AAD1E4261C74718A00C17CA0 /* CardViewUITests.swift */,
				AAD1E4281C74718A00C17CA0 /* Info.plist */,
			);
			path = CardViewUITests;
			sourceTree = "<group>";
		};
/* End PBXGroup section */

/* Begin PBXNativeTarget section */
		AAD1E4021C74718A00C17CA0 /* CardView */ = {
			isa = PBXNativeTarget;
			buildConfigurationList = AAD1E42B1C74718A00C17CA0 /* Build configuration list for PBXNativeTarget "CardView" */;
			buildPhases = (
				AAD1E3FF1C74718A00C17CA0 /* Sources */,
				AAD1E4001C74718A00C17CA0 /* Frameworks */,
				AAD1E4011C74718A00C17CA0 /* Resources */,
			);
			buildRules = (
			);
			dependencies = (
			);
			name = CardView;
			productName = CardView;
			productReference = AAD1E4031C74718A00C17CA0 /* CardView.app */;
			productType = "com.apple.product-type.application";
		};
		AAD1E4161C74718A00C17CA0 /* CardViewTests */ = {
			isa = PBXNativeTarget;
			buildConfigurationList = AAD1E42E1C74718A00C17CA0 /* Build configuration list for PBXNativeTarget "CardViewTests" */;
			buildPhases = (
				AAD1E4131C74718A00C17CA0 /* Sources */,
				AAD1E4141C74718A00C17CA0 /* Frameworks */,
				AAD1E4151C74718A00C17CA0 /* Resources */,
			);
			buildRules = (
			);
			dependencies = (
				AAD1E4191C74718A00C17CA0 /* PBXTargetDependency */,
			);
			name = CardViewTests;
			productName = CardViewTests;
			productReference = AAD1E4171C74718A00C17CA0 /* CardViewTests.xctest */;
			productType = "com.apple.product-type.bundle.unit-test";
		};
		AAD1E4211C74718A00C17CA0 /* CardViewUITests */ = {
			isa = PBXNativeTarget;
			buildConfigurationList = AAD1E4311C74718A00C17CA0 /* Build configuration list for PBXNativeTarget "CardViewUITests" */;
			buildPhases = (
				AAD1E41E1C74718A00C17CA0 /* Sources */,
				AAD1E41F1C74718A00C17CA0 /* Frameworks */,
				AAD1E4201C74718A00C17CA0 /* Resources */,
			);
			buildRules = (
			);
			dependencies = (
				AAD1E4241C74718A00C17CA0 /* PBXTargetDependency */,
			);
			name = CardViewUITests;
			productName = CardViewUITests;
			productReference = AAD1E4221C74718A00C17CA0 /* CardViewUITests.xctest */;
			productType = "com.apple.product-type.bundle.ui-testing";
		};
/* End PBXNativeTarget section */

/* Begin PBXProject section */
		AAD1E3FB1C74718A00C17CA0 /* Project object */ = {
			isa = PBXProject;
			attributes = {
				LastSwiftUpdateCheck = 0710;
				LastUpgradeCheck = 0710;
				ORGANIZATIONNAME = "谷田　裕樹";
				TargetAttributes = {
					AAD1E4021C74718A00C17CA0 = {
						CreatedOnToolsVersion = 7.1.1;
					};
					AAD1E4161C74718A00C17CA0 = {
						CreatedOnToolsVersion = 7.1.1;
						TestTargetID = AAD1E4021C74718A00C17CA0;
					};
					AAD1E4211C74718A00C17CA0 = {
						CreatedOnToolsVersion = 7.1.1;
						TestTargetID = AAD1E4021C74718A00C17CA0;
					};
				};
			};
			buildConfigurationList = AAD1E3FE1C74718A00C17CA0 /* Build configuration list for PBXProject "CardView" */;
			compatibilityVersion = "Xcode 3.2";
			developmentRegion = English;
			hasScannedForEncodings = 0;
			knownRegions = (
				en,
				Base,
			);
			mainGroup = AAD1E3FA1C74718A00C17CA0;
			productRefGroup = AAD1E4041C74718A00C17CA0 /* Products */;
			projectDirPath = "";
			projectRoot = "";
			targets = (
				AAD1E4021C74718A00C17CA0 /* CardView */,
				AAD1E4161C74718A00C17CA0 /* CardViewTests */,
				AAD1E4211C74718A00C17CA0 /* CardViewUITests */,
			);
		};
/* End PBXProject section */

/* Begin PBXResourcesBuildPhase section */
		AAD1E4011C74718A00C17CA0 /* Resources */ = {
			isa = PBXResourcesBuildPhase;
			buildActionMask = 2147483647;
			files = (
				AAD1E4111C74718A00C17CA0 /* LaunchScreen.storyboard in Resources */,
				AAD1E40E1C74718A00C17CA0 /* Assets.xcassets in Resources */,
				AAD1E43D1C74754200C17CA0 /* CardView.xib in Resources */,
				AAD1E40C1C74718A00C17CA0 /* Main.storyboard in Resources */,
			);
			runOnlyForDeploymentPostprocessing = 0;
		};
		AAD1E4151C74718A00C17CA0 /* Resources */ = {
			isa = PBXResourcesBuildPhase;
			buildActionMask = 2147483647;
			files = (
			);
			runOnlyForDeploymentPostprocessing = 0;
		};
		AAD1E4201C74718A00C17CA0 /* Resources */ = {
			isa = PBXResourcesBuildPhase;
			buildActionMask = 2147483647;
			files = (
			);
			runOnlyForDeploymentPostprocessing = 0;
		};
/* End PBXResourcesBuildPhase section */

/* Begin PBXSourcesBuildPhase section */
		AAD1E3FF1C74718A00C17CA0 /* Sources */ = {
			isa = PBXSourcesBuildPhase;
			buildActionMask = 2147483647;
			files = (
				AAD1E4091C74718A00C17CA0 /* ViewController.swift in Sources */,
				AAE1BD791C77249000172BB1 /* OverlayView.swift in Sources */,
				AA569AB71C9042C40024A72F /* AnimationViewController.swift in Sources */,
				AAD1E43B1C7474F500C17CA0 /* DraggableCardView.swift in Sources */,
				AAA007A21CBE496B0023DD16 /* Task.swift in Sources */,
				AAA007A61CBE4C5F0023DD16 /* TaskViewController.swift in Sources */,
				AAA007A41CBE4A3D0023DD16 /* CustomCell.swift in Sources */,
				AAD1E4071C74718A00C17CA0 /* AppDelegate.swift in Sources */,
			);
			runOnlyForDeploymentPostprocessing = 0;
		};
		AAD1E4131C74718A00C17CA0 /* Sources */ = {
			isa = PBXSourcesBuildPhase;
			buildActionMask = 2147483647;
			files = (
				AAD1E41C1C74718A00C17CA0 /* CardViewTests.swift in Sources */,
			);
			runOnlyForDeploymentPostprocessing = 0;
		};
		AAD1E41E1C74718A00C17CA0 /* Sources */ = {
			isa = PBXSourcesBuildPhase;
			buildActionMask = 2147483647;
			files = (
				AAD1E4271C74718A00C17CA0 /* CardViewUITests.swift in Sources */,
			);
			runOnlyForDeploymentPostprocessing = 0;
		};
/* End PBXSourcesBuildPhase section */

/* Begin PBXTargetDependency section */
		AAD1E4191C74718A00C17CA0 /* PBXTargetDependency */ = {
			isa = PBXTargetDependency;
			target = AAD1E4021C74718A00C17CA0 /* CardView */;
			targetProxy = AAD1E4181C74718A00C17CA0 /* PBXContainerItemProxy */;
		};
		AAD1E4241C74718A00C17CA0 /* PBXTargetDependency */ = {
			isa = PBXTargetDependency;
			target = AAD1E4021C74718A00C17CA0 /* CardView */;
			targetProxy = AAD1E4231C74718A00C17CA0 /* PBXContainerItemProxy */;
		};
/* End PBXTargetDependency section */

/* Begin PBXVariantGroup section */
		AAD1E40A1C74718A00C17CA0 /* Main.storyboard */ = {
			isa = PBXVariantGroup;
			children = (
				AAD1E40B1C74718A00C17CA0 /* Base */,
			);
			name = Main.storyboard;
			sourceTree = "<group>";
		};
		AAD1E40F1C74718A00C17CA0 /* LaunchScreen.storyboard */ = {
			isa = PBXVariantGroup;
			children = (
				AAD1E4101C74718A00C17CA0 /* Base */,
			);
			name = LaunchScreen.storyboard;
			sourceTree = "<group>";
		};
/* End PBXVariantGroup section */

/* Begin XCBuildConfiguration section */
		AAD1E4291C74718A00C17CA0 /* Debug */ = {
			isa = XCBuildConfiguration;
			buildSettings = {
				ALWAYS_SEARCH_USER_PATHS = NO;
				CLANG_CXX_LANGUAGE_STANDARD = "gnu++0x";
				CLANG_CXX_LIBRARY = "libc++";
				CLANG_ENABLE_MODULES = YES;
				CLANG_ENABLE_OBJC_ARC = YES;
				CLANG_WARN_BOOL_CONVERSION = YES;
				CLANG_WARN_CONSTANT_CONVERSION = YES;
				CLANG_WARN_DIRECT_OBJC_ISA_USAGE = YES_ERROR;
				CLANG_WARN_EMPTY_BODY = YES;
				CLANG_WARN_ENUM_CONVERSION = YES;
				CLANG_WARN_INT_CONVERSION = YES;
				CLANG_WARN_OBJC_ROOT_CLASS = YES_ERROR;
				CLANG_WARN_UNREACHABLE_CODE = YES;
				CLANG_WARN__DUPLICATE_METHOD_MATCH = YES;
				"CODE_SIGN_IDENTITY[sdk=iphoneos*]" = "iPhone Developer";
				COPY_PHASE_STRIP = NO;
				DEBUG_INFORMATION_FORMAT = dwarf;
				ENABLE_STRICT_OBJC_MSGSEND = YES;
				ENABLE_TESTABILITY = YES;
				GCC_C_LANGUAGE_STANDARD = gnu99;
				GCC_DYNAMIC_NO_PIC = NO;
				GCC_NO_COMMON_BLOCKS = YES;
				GCC_OPTIMIZATION_LEVEL = 0;
				GCC_PREPROCESSOR_DEFINITIONS = (
					"DEBUG=1",
					"$(inherited)",
				);
				GCC_WARN_64_TO_32_BIT_CONVERSION = YES;
				GCC_WARN_ABOUT_RETURN_TYPE = YES_ERROR;
				GCC_WARN_UNDECLARED_SELECTOR = YES;
				GCC_WARN_UNINITIALIZED_AUTOS = YES_AGGRESSIVE;
				GCC_WARN_UNUSED_FUNCTION = YES;
				GCC_WARN_UNUSED_VARIABLE = YES;
				IPHONEOS_DEPLOYMENT_TARGET = 9.1;
				MTL_ENABLE_DEBUG_INFO = YES;
				ONLY_ACTIVE_ARCH = YES;
				SDKROOT = iphoneos;
				SWIFT_OPTIMIZATION_LEVEL = "-Onone";
			};
			name = Debug;
		};
		AAD1E42A1C74718A00C17CA0 /* Release */ = {
			isa = XCBuildConfiguration;
			buildSettings = {
				ALWAYS_SEARCH_USER_PATHS = NO;
				CLANG_CXX_LANGUAGE_STANDARD = "gnu++0x";
				CLANG_CXX_LIBRARY = "libc++";
				CLANG_ENABLE_MODULES = YES;
				CLANG_ENABLE_OBJC_ARC = YES;
				CLANG_WARN_BOOL_CONVERSION = YES;
				CLANG_WARN_CONSTANT_CONVERSION = YES;
				CLANG_WARN_DIRECT_OBJC_ISA_USAGE = YES_ERROR;
				CLANG_WARN_EMPTY_BODY = YES;
				CLANG_WARN_ENUM_CONVERSION = YES;
				CLANG_WARN_INT_CONVERSION = YES;
				CLANG_WARN_OBJC_ROOT_CLASS = YES_ERROR;
				CLANG_WARN_UNREACHABLE_CODE = YES;
				CLANG_WARN__DUPLICATE_METHOD_MATCH = YES;
				"CODE_SIGN_IDENTITY[sdk=iphoneos*]" = "iPhone Developer";
				COPY_PHASE_STRIP = NO;
				DEBUG_INFORMATION_FORMAT = "dwarf-with-dsym";
				ENABLE_NS_ASSERTIONS = NO;
				ENABLE_STRICT_OBJC_MSGSEND = YES;
				GCC_C_LANGUAGE_STANDARD = gnu99;
				GCC_NO_COMMON_BLOCKS = YES;
				GCC_WARN_64_TO_32_BIT_CONVERSION = YES;
				GCC_WARN_ABOUT_RETURN_TYPE = YES_ERROR;
				GCC_WARN_UNDECLARED_SELECTOR = YES;
				GCC_WARN_UNINITIALIZED_AUTOS = YES_AGGRESSIVE;
				GCC_WARN_UNUSED_FUNCTION = YES;
				GCC_WARN_UNUSED_VARIABLE = YES;
				IPHONEOS_DEPLOYMENT_TARGET = 9.1;
				MTL_ENABLE_DEBUG_INFO = NO;
				SDKROOT = iphoneos;
				VALIDATE_PRODUCT = YES;
			};
			name = Release;
		};
		AAD1E42C1C74718A00C17CA0 /* Debug */ = {
			isa = XCBuildConfiguration;
			buildSettings = {
				ASSETCATALOG_COMPILER_APPICON_NAME = AppIcon;
				INFOPLIST_FILE = CardView/Info.plist;
				LD_RUNPATH_SEARCH_PATHS = "$(inherited) @executable_path/Frameworks";
				PRODUCT_BUNDLE_IDENTIFIER = doth.CardView;
				PRODUCT_NAME = "$(TARGET_NAME)";
			};
			name = Debug;
		};
		AAD1E42D1C74718A00C17CA0 /* Release */ = {
			isa = XCBuildConfiguration;
			buildSettings = {
				ASSETCATALOG_COMPILER_APPICON_NAME = AppIcon;
				INFOPLIST_FILE = CardView/Info.plist;
				LD_RUNPATH_SEARCH_PATHS = "$(inherited) @executable_path/Frameworks";
				PRODUCT_BUNDLE_IDENTIFIER = doth.CardView;
				PRODUCT_NAME = "$(TARGET_NAME)";
			};
			name = Release;
		};
		AAD1E42F1C74718A00C17CA0 /* Debug */ = {
			isa = XCBuildConfiguration;
			buildSettings = {
				BUNDLE_LOADER = "$(TEST_HOST)";
				INFOPLIST_FILE = CardViewTests/Info.plist;
				LD_RUNPATH_SEARCH_PATHS = "$(inherited) @executable_path/Frameworks @loader_path/Frameworks";
				PRODUCT_BUNDLE_IDENTIFIER = doth.CardViewTests;
				PRODUCT_NAME = "$(TARGET_NAME)";
				TEST_HOST = "$(BUILT_PRODUCTS_DIR)/CardView.app/CardView";
			};
			name = Debug;
		};
		AAD1E4301C74718A00C17CA0 /* Release */ = {
			isa = XCBuildConfiguration;
			buildSettings = {
				BUNDLE_LOADER = "$(TEST_HOST)";
				INFOPLIST_FILE = CardViewTests/Info.plist;
				LD_RUNPATH_SEARCH_PATHS = "$(inherited) @executable_path/Frameworks @loader_path/Frameworks";
				PRODUCT_BUNDLE_IDENTIFIER = doth.CardViewTests;
				PRODUCT_NAME = "$(TARGET_NAME)";
				TEST_HOST = "$(BUILT_PRODUCTS_DIR)/CardView.app/CardView";
			};
			name = Release;
		};
		AAD1E4321C74718A00C17CA0 /* Debug */ = {
			isa = XCBuildConfiguration;
			buildSettings = {
				INFOPLIST_FILE = CardViewUITests/Info.plist;
				LD_RUNPATH_SEARCH_PATHS = "$(inherited) @executable_path/Frameworks @loader_path/Frameworks";
				PRODUCT_BUNDLE_IDENTIFIER = doth.CardViewUITests;
				PRODUCT_NAME = "$(TARGET_NAME)";
				TEST_TARGET_NAME = CardView;
				USES_XCTRUNNER = YES;
			};
			name = Debug;
		};
		AAD1E4331C74718A00C17CA0 /* Release */ = {
			isa = XCBuildConfiguration;
			buildSettings = {
				INFOPLIST_FILE = CardViewUITests/Info.plist;
				LD_RUNPATH_SEARCH_PATHS = "$(inherited) @executable_path/Frameworks @loader_path/Frameworks";
				PRODUCT_BUNDLE_IDENTIFIER = doth.CardViewUITests;
				PRODUCT_NAME = "$(TARGET_NAME)";
				TEST_TARGET_NAME = CardView;
				USES_XCTRUNNER = YES;
			};
			name = Release;
		};
/* End XCBuildConfiguration section */

/* Begin XCConfigurationList section */
		AAD1E3FE1C74718A00C17CA0 /* Build configuration list for PBXProject "CardView" */ = {
			isa = XCConfigurationList;
			buildConfigurations = (
				AAD1E4291C74718A00C17CA0 /* Debug */,
				AAD1E42A1C74718A00C17CA0 /* Release */,
			);
			defaultConfigurationIsVisible = 0;
			defaultConfigurationName = Release;
		};
		AAD1E42B1C74718A00C17CA0 /* Build configuration list for PBXNativeTarget "CardView" */ = {
			isa = XCConfigurationList;
			buildConfigurations = (
				AAD1E42C1C74718A00C17CA0 /* Debug */,
				AAD1E42D1C74718A00C17CA0 /* Release */,
			);
			defaultConfigurationIsVisible = 0;
			defaultConfigurationName = Release;
		};
		AAD1E42E1C74718A00C17CA0 /* Build configuration list for PBXNativeTarget "CardViewTests" */ = {
			isa = XCConfigurationList;
			buildConfigurations = (
				AAD1E42F1C74718A00C17CA0 /* Debug */,
				AAD1E4301C74718A00C17CA0 /* Release */,
			);
			defaultConfigurationIsVisible = 0;
			defaultConfigurationName = Release;
		};
		AAD1E4311C74718A00C17CA0 /* Build configuration list for PBXNativeTarget "CardViewUITests" */ = {
			isa = XCConfigurationList;
			buildConfigurations = (
				AAD1E4321C74718A00C17CA0 /* Debug */,
				AAD1E4331C74718A00C17CA0 /* Release */,
			);
			defaultConfigurationIsVisible = 0;
			defaultConfigurationName = Release;
		};
/* End XCConfigurationList section */
	};
	rootObject = AAD1E3FB1C74718A00C17CA0 /* Project object */;
}
